// !$*UTF8*$!
{
	archiveVersion = 1;
	classes = {
	};
	objectVersion = 46;
	objects = {

/* Begin PBXBuildFile section */
		6A0789901B5E5BFE008D0B37 /* ic_star.png in Resources */ = {isa = PBXBuildFile; fileRef = 6A07898F1B5E5BFE008D0B37 /* ic_star.png */; };
		CA5C2CD41B480A4D00F0A547 /* main.m in Sources */ = {isa = PBXBuildFile; fileRef = CA5C2CD31B480A4D00F0A547 /* main.m */; };
		CA5C2CD71B480A4D00F0A547 /* AppDelegate.m in Sources */ = {isa = PBXBuildFile; fileRef = CA5C2CD61B480A4D00F0A547 /* AppDelegate.m */; };
		CA5C2CDA1B480A4D00F0A547 /* ViewController.m in Sources */ = {isa = PBXBuildFile; fileRef = CA5C2CD91B480A4D00F0A547 /* ViewController.m */; };
		CA5C2CDD1B480A4D00F0A547 /* Main.storyboard in Resources */ = {isa = PBXBuildFile; fileRef = CA5C2CDB1B480A4D00F0A547 /* Main.storyboard */; };
		CA5C2CDF1B480A4D00F0A547 /* Images.xcassets in Resources */ = {isa = PBXBuildFile; fileRef = CA5C2CDE1B480A4D00F0A547 /* Images.xcassets */; };
		CA5C2CE21B480A4D00F0A547 /* LaunchScreen.xib in Resources */ = {isa = PBXBuildFile; fileRef = CA5C2CE01B480A4D00F0A547 /* LaunchScreen.xib */; };
		CA5C2CEE1B480A4D00F0A547 /* HighwayGuitarTests.m in Sources */ = {isa = PBXBuildFile; fileRef = CA5C2CED1B480A4D00F0A547 /* HighwayGuitarTests.m */; };
		CA5C2D041B480AE500F0A547 /* bg_btn_categories.png in Resources */ = {isa = PBXBuildFile; fileRef = CA5C2CF81B480AE500F0A547 /* bg_btn_categories.png */; };
		CA5C2D051B480AE500F0A547 /* bg_main.png in Resources */ = {isa = PBXBuildFile; fileRef = CA5C2CF91B480AE500F0A547 /* bg_main.png */; };
		CA5C2D061B480AE500F0A547 /* btn_1.png in Resources */ = {isa = PBXBuildFile; fileRef = CA5C2CFA1B480AE500F0A547 /* btn_1.png */; };
		CA5C2D071B480AE500F0A547 /* btn_2.png in Resources */ = {isa = PBXBuildFile; fileRef = CA5C2CFB1B480AE500F0A547 /* btn_2.png */; };
		CA5C2D081B480AE500F0A547 /* btn_categories_selected.png in Resources */ = {isa = PBXBuildFile; fileRef = CA5C2CFC1B480AE500F0A547 /* btn_categories_selected.png */; };
		CA5C2D091B480AE500F0A547 /* btn_menu.png in Resources */ = {isa = PBXBuildFile; fileRef = CA5C2CFD1B480AE500F0A547 /* btn_menu.png */; };
		CA5C2D0A1B480AE500F0A547 /* ic_fullscreen.png in Resources */ = {isa = PBXBuildFile; fileRef = CA5C2CFE1B480AE500F0A547 /* ic_fullscreen.png */; };
		CA5C2D0B1B480AE500F0A547 /* ic_next.png in Resources */ = {isa = PBXBuildFile; fileRef = CA5C2CFF1B480AE500F0A547 /* ic_next.png */; };
		CA5C2D0C1B480AE500F0A547 /* ic_play.png in Resources */ = {isa = PBXBuildFile; fileRef = CA5C2D001B480AE500F0A547 /* ic_play.png */; };
		CA5C2D0D1B480AE500F0A547 /* ic_prev.png in Resources */ = {isa = PBXBuildFile; fileRef = CA5C2D011B480AE500F0A547 /* ic_prev.png */; };
		CA5C2D0E1B480AE500F0A547 /* ic_sound.png in Resources */ = {isa = PBXBuildFile; fileRef = CA5C2D021B480AE500F0A547 /* ic_sound.png */; };
		CA5C2D0F1B480AE500F0A547 /* logo.png in Resources */ = {isa = PBXBuildFile; fileRef = CA5C2D031B480AE500F0A547 /* logo.png */; };
		CA5C2D121B48117B00F0A547 /* MediaPlayer.framework in Frameworks */ = {isa = PBXBuildFile; fileRef = CA5C2D111B48117B00F0A547 /* MediaPlayer.framework */; };
		CA5C2D141B48118300F0A547 /* MobileCoreServices.framework in Frameworks */ = {isa = PBXBuildFile; fileRef = CA5C2D131B48118300F0A547 /* MobileCoreServices.framework */; };
		E83D7AB71B64207B0068EA2F /* ListClipViewCell.xib in Resources */ = {isa = PBXBuildFile; fileRef = E83D7AB61B64207B0068EA2F /* ListClipViewCell.xib */; };
		E83D7ABA1B64284B0068EA2F /* ListClipViewCell.m in Sources */ = {isa = PBXBuildFile; fileRef = E83D7AB91B64284B0068EA2F /* ListClipViewCell.m */; };
/* End PBXBuildFile section */

/* Begin PBXContainerItemProxy section */
		CA5C2CE81B480A4D00F0A547 /* PBXContainerItemProxy */ = {
			isa = PBXContainerItemProxy;
			containerPortal = CA5C2CC61B480A4D00F0A547 /* Project object */;
			proxyType = 1;
			remoteGlobalIDString = CA5C2CCD1B480A4D00F0A547;
			remoteInfo = HighwayGuitar;
		};
/* End PBXContainerItemProxy section */

/* Begin PBXFileReference section */
		6A07898F1B5E5BFE008D0B37 /* ic_star.png */ = {isa = PBXFileReference; lastKnownFileType = image.png; path = ic_star.png; sourceTree = "<group>"; };
		CA5C2CCE1B480A4D00F0A547 /* HighwayGuitar.app */ = {isa = PBXFileReference; explicitFileType = wrapper.application; includeInIndex = 0; path = HighwayGuitar.app; sourceTree = BUILT_PRODUCTS_DIR; };
		CA5C2CD21B480A4D00F0A547 /* Info.plist */ = {isa = PBXFileReference; lastKnownFileType = text.plist.xml; path = Info.plist; sourceTree = "<group>"; };
		CA5C2CD31B480A4D00F0A547 /* main.m */ = {isa = PBXFileReference; lastKnownFileType = sourcecode.c.objc; path = main.m; sourceTree = "<group>"; };
		CA5C2CD51B480A4D00F0A547 /* AppDelegate.h */ = {isa = PBXFileReference; lastKnownFileType = sourcecode.c.h; path = AppDelegate.h; sourceTree = "<group>"; };
		CA5C2CD61B480A4D00F0A547 /* AppDelegate.m */ = {isa = PBXFileReference; lastKnownFileType = sourcecode.c.objc; path = AppDelegate.m; sourceTree = "<group>"; };
		CA5C2CD81B480A4D00F0A547 /* ViewController.h */ = {isa = PBXFileReference; lastKnownFileType = sourcecode.c.h; path = ViewController.h; sourceTree = "<group>"; };
		CA5C2CD91B480A4D00F0A547 /* ViewController.m */ = {isa = PBXFileReference; lastKnownFileType = sourcecode.c.objc; path = ViewController.m; sourceTree = "<group>"; };
		CA5C2CDC1B480A4D00F0A547 /* Base */ = {isa = PBXFileReference; lastKnownFileType = file.storyboard; name = Base; path = Base.lproj/Main.storyboard; sourceTree = "<group>"; };
		CA5C2CDE1B480A4D00F0A547 /* Images.xcassets */ = {isa = PBXFileReference; lastKnownFileType = folder.assetcatalog; path = Images.xcassets; sourceTree = "<group>"; };
		CA5C2CE11B480A4D00F0A547 /* Base */ = {isa = PBXFileReference; lastKnownFileType = file.xib; name = Base; path = Base.lproj/LaunchScreen.xib; sourceTree = "<group>"; };
		CA5C2CE71B480A4D00F0A547 /* HighwayGuitarTests.xctest */ = {isa = PBXFileReference; explicitFileType = wrapper.cfbundle; includeInIndex = 0; path = HighwayGuitarTests.xctest; sourceTree = BUILT_PRODUCTS_DIR; };
		CA5C2CEC1B480A4D00F0A547 /* Info.plist */ = {isa = PBXFileReference; lastKnownFileType = text.plist.xml; path = Info.plist; sourceTree = "<group>"; };
		CA5C2CED1B480A4D00F0A547 /* HighwayGuitarTests.m */ = {isa = PBXFileReference; lastKnownFileType = sourcecode.c.objc; path = HighwayGuitarTests.m; sourceTree = "<group>"; };
		CA5C2CF81B480AE500F0A547 /* bg_btn_categories.png */ = {isa = PBXFileReference; lastKnownFileType = image.png; path = bg_btn_categories.png; sourceTree = "<group>"; };
		CA5C2CF91B480AE500F0A547 /* bg_main.png */ = {isa = PBXFileReference; lastKnownFileType = image.png; path = bg_main.png; sourceTree = "<group>"; };
		CA5C2CFA1B480AE500F0A547 /* btn_1.png */ = {isa = PBXFileReference; lastKnownFileType = image.png; path = btn_1.png; sourceTree = "<group>"; };
		CA5C2CFB1B480AE500F0A547 /* btn_2.png */ = {isa = PBXFileReference; lastKnownFileType = image.png; path = btn_2.png; sourceTree = "<group>"; };
		CA5C2CFC1B480AE500F0A547 /* btn_categories_selected.png */ = {isa = PBXFileReference; lastKnownFileType = image.png; path = btn_categories_selected.png; sourceTree = "<group>"; };
		CA5C2CFD1B480AE500F0A547 /* btn_menu.png */ = {isa = PBXFileReference; lastKnownFileType = image.png; path = btn_menu.png; sourceTree = "<group>"; };
		CA5C2CFE1B480AE500F0A547 /* ic_fullscreen.png */ = {isa = PBXFileReference; lastKnownFileType = image.png; path = ic_fullscreen.png; sourceTree = "<group>"; };
		CA5C2CFF1B480AE500F0A547 /* ic_next.png */ = {isa = PBXFileReference; lastKnownFileType = image.png; path = ic_next.png; sourceTree = "<group>"; };
		CA5C2D001B480AE500F0A547 /* ic_play.png */ = {isa = PBXFileReference; lastKnownFileType = image.png; path = ic_play.png; sourceTree = "<group>"; };
		CA5C2D011B480AE500F0A547 /* ic_prev.png */ = {isa = PBXFileReference; lastKnownFileType = image.png; path = ic_prev.png; sourceTree = "<group>"; };
		CA5C2D021B480AE500F0A547 /* ic_sound.png */ = {isa = PBXFileReference; lastKnownFileType = image.png; path = ic_sound.png; sourceTree = "<group>"; };
		CA5C2D031B480AE500F0A547 /* logo.png */ = {isa = PBXFileReference; lastKnownFileType = image.png; path = logo.png; sourceTree = "<group>"; };
		CA5C2D111B48117B00F0A547 /* MediaPlayer.framework */ = {isa = PBXFileReference; lastKnownFileType = wrapper.framework; name = MediaPlayer.framework; path = System/Library/Frameworks/MediaPlayer.framework; sourceTree = SDKROOT; };
		CA5C2D131B48118300F0A547 /* MobileCoreServices.framework */ = {isa = PBXFileReference; lastKnownFileType = wrapper.framework; name = MobileCoreServices.framework; path = System/Library/Frameworks/MobileCoreServices.framework; sourceTree = SDKROOT; };
		E83D7AB61B64207B0068EA2F /* ListClipViewCell.xib */ = {isa = PBXFileReference; fileEncoding = 4; lastKnownFileType = file.xib; path = ListClipViewCell.xib; sourceTree = "<group>"; };
		E83D7AB81B6428350068EA2F /* ListClipViewCell.h */ = {isa = PBXFileReference; lastKnownFileType = sourcecode.c.h; path = ListClipViewCell.h; sourceTree = "<group>"; };
		E83D7AB91B64284B0068EA2F /* ListClipViewCell.m */ = {isa = PBXFileReference; fileEncoding = 4; lastKnownFileType = sourcecode.c.objc; path = ListClipViewCell.m; sourceTree = "<group>"; };
/* End PBXFileReference section */

/* Begin PBXFrameworksBuildPhase section */
		CA5C2CCB1B480A4D00F0A547 /* Frameworks */ = {
			isa = PBXFrameworksBuildPhase;
			buildActionMask = 2147483647;
			files = (
				CA5C2D141B48118300F0A547 /* MobileCoreServices.framework in Frameworks */,
				CA5C2D121B48117B00F0A547 /* MediaPlayer.framework in Frameworks */,
			);
			runOnlyForDeploymentPostprocessing = 0;
		};
		CA5C2CE41B480A4D00F0A547 /* Frameworks */ = {
			isa = PBXFrameworksBuildPhase;
			buildActionMask = 2147483647;
			files = (
			);
			runOnlyForDeploymentPostprocessing = 0;
		};
/* End PBXFrameworksBuildPhase section */

/* Begin PBXGroup section */
		CA5C2CC51B480A4D00F0A547 = {
			isa = PBXGroup;
			children = (
				CA5C2D101B48116100F0A547 /* Frameworks */,
				CA5C2CD01B480A4D00F0A547 /* HighwayGuitar */,
				CA5C2CEA1B480A4D00F0A547 /* HighwayGuitarTests */,
				CA5C2CCF1B480A4D00F0A547 /* Products */,
			);
			sourceTree = "<group>";
		};
		CA5C2CCF1B480A4D00F0A547 /* Products */ = {
			isa = PBXGroup;
			children = (
				CA5C2CCE1B480A4D00F0A547 /* HighwayGuitar.app */,
				CA5C2CE71B480A4D00F0A547 /* HighwayGuitarTests.xctest */,
			);
			name = Products;
			sourceTree = "<group>";
		};
		CA5C2CD01B480A4D00F0A547 /* HighwayGuitar */ = {
			isa = PBXGroup;
			children = (
				E83D7AB51B6420380068EA2F /* Views */,
				CA5C2CF71B480AE500F0A547 /* Resources */,
				CA5C2CD51B480A4D00F0A547 /* AppDelegate.h */,
				CA5C2CD61B480A4D00F0A547 /* AppDelegate.m */,
				CA5C2CD81B480A4D00F0A547 /* ViewController.h */,
				CA5C2CD91B480A4D00F0A547 /* ViewController.m */,
				CA5C2CDB1B480A4D00F0A547 /* Main.storyboard */,
				CA5C2CDE1B480A4D00F0A547 /* Images.xcassets */,
				CA5C2CE01B480A4D00F0A547 /* LaunchScreen.xib */,
				CA5C2CD11B480A4D00F0A547 /* Supporting Files */,
			);
			path = HighwayGuitar;
			sourceTree = "<group>";
		};
		CA5C2CD11B480A4D00F0A547 /* Supporting Files */ = {
			isa = PBXGroup;
			children = (
				CA5C2CD21B480A4D00F0A547 /* Info.plist */,
				CA5C2CD31B480A4D00F0A547 /* main.m */,
			);
			name = "Supporting Files";
			sourceTree = "<group>";
		};
		CA5C2CEA1B480A4D00F0A547 /* HighwayGuitarTests */ = {
			isa = PBXGroup;
			children = (
				CA5C2CED1B480A4D00F0A547 /* HighwayGuitarTests.m */,
				CA5C2CEB1B480A4D00F0A547 /* Supporting Files */,
			);
			path = HighwayGuitarTests;
			sourceTree = "<group>";
		};
		CA5C2CEB1B480A4D00F0A547 /* Supporting Files */ = {
			isa = PBXGroup;
			children = (
				CA5C2CEC1B480A4D00F0A547 /* Info.plist */,
			);
			name = "Supporting Files";
			sourceTree = "<group>";
		};
		CA5C2CF71B480AE500F0A547 /* Resources */ = {
			isa = PBXGroup;
			children = (
				6A07898F1B5E5BFE008D0B37 /* ic_star.png */,
				CA5C2CF81B480AE500F0A547 /* bg_btn_categories.png */,
				CA5C2CF91B480AE500F0A547 /* bg_main.png */,
				CA5C2CFA1B480AE500F0A547 /* btn_1.png */,
				CA5C2CFB1B480AE500F0A547 /* btn_2.png */,
				CA5C2CFC1B480AE500F0A547 /* btn_categories_selected.png */,
				CA5C2CFD1B480AE500F0A547 /* btn_menu.png */,
				CA5C2CFE1B480AE500F0A547 /* ic_fullscreen.png */,
				CA5C2CFF1B480AE500F0A547 /* ic_next.png */,
				CA5C2D001B480AE500F0A547 /* ic_play.png */,
				CA5C2D011B480AE500F0A547 /* ic_prev.png */,
				CA5C2D021B480AE500F0A547 /* ic_sound.png */,
				CA5C2D031B480AE500F0A547 /* logo.png */,
			);
			path = Resources;
			sourceTree = "<group>";
		};
		CA5C2D101B48116100F0A547 /* Frameworks */ = {
			isa = PBXGroup;
			children = (
				CA5C2D131B48118300F0A547 /* MobileCoreServices.framework */,
				CA5C2D111B48117B00F0A547 /* MediaPlayer.framework */,
			);
			name = Frameworks;
			sourceTree = "<group>";
		};
		E83D7AB51B6420380068EA2F /* Views */ = {
			isa = PBXGroup;
			children = (
				E83D7AB61B64207B0068EA2F /* ListClipViewCell.xib */,
				E83D7AB81B6428350068EA2F /* ListClipViewCell.h */,
				E83D7AB91B64284B0068EA2F /* ListClipViewCell.m */,
			);
			name = Views;
			sourceTree = "<group>";
		};
/* End PBXGroup section */

/* Begin PBXNativeTarget section */
		CA5C2CCD1B480A4D00F0A547 /* HighwayGuitar */ = {
			isa = PBXNativeTarget;
			buildConfigurationList = CA5C2CF11B480A4D00F0A547 /* Build configuration list for PBXNativeTarget "HighwayGuitar" */;
			buildPhases = (
				CA5C2CCA1B480A4D00F0A547 /* Sources */,
				CA5C2CCB1B480A4D00F0A547 /* Frameworks */,
				CA5C2CCC1B480A4D00F0A547 /* Resources */,
			);
			buildRules = (
			);
			dependencies = (
			);
			name = HighwayGuitar;
			productName = HighwayGuitar;
			productReference = CA5C2CCE1B480A4D00F0A547 /* HighwayGuitar.app */;
			productType = "com.apple.product-type.application";
		};
		CA5C2CE61B480A4D00F0A547 /* HighwayGuitarTests */ = {
			isa = PBXNativeTarget;
			buildConfigurationList = CA5C2CF41B480A4D00F0A547 /* Build configuration list for PBXNativeTarget "HighwayGuitarTests" */;
			buildPhases = (
				CA5C2CE31B480A4D00F0A547 /* Sources */,
				CA5C2CE41B480A4D00F0A547 /* Frameworks */,
				CA5C2CE51B480A4D00F0A547 /* Resources */,
			);
			buildRules = (
			);
			dependencies = (
				CA5C2CE91B480A4D00F0A547 /* PBXTargetDependency */,
			);
			name = HighwayGuitarTests;
			productName = HighwayGuitarTests;
			productReference = CA5C2CE71B480A4D00F0A547 /* HighwayGuitarTests.xctest */;
			productType = "com.apple.product-type.bundle.unit-test";
		};
/* End PBXNativeTarget section */

/* Begin PBXProject section */
		CA5C2CC61B480A4D00F0A547 /* Project object */ = {
			isa = PBXProject;
			attributes = {
				LastUpgradeCheck = 0630;
				ORGANIZATIONNAME = "Giang Tran";
				TargetAttributes = {
					CA5C2CCD1B480A4D00F0A547 = {
						CreatedOnToolsVersion = 6.3.2;
					};
					CA5C2CE61B480A4D00F0A547 = {
						CreatedOnToolsVersion = 6.3.2;
						TestTargetID = CA5C2CCD1B480A4D00F0A547;
					};
				};
			};
			buildConfigurationList = CA5C2CC91B480A4D00F0A547 /* Build configuration list for PBXProject "HighwayGuitar" */;
			compatibilityVersion = "Xcode 3.2";
			developmentRegion = English;
			hasScannedForEncodings = 0;
			knownRegions = (
				en,
				Base,
			);
			mainGroup = CA5C2CC51B480A4D00F0A547;
			productRefGroup = CA5C2CCF1B480A4D00F0A547 /* Products */;
			projectDirPath = "";
			projectRoot = "";
			targets = (
				CA5C2CCD1B480A4D00F0A547 /* HighwayGuitar */,
				CA5C2CE61B480A4D00F0A547 /* HighwayGuitarTests */,
			);
		};
/* End PBXProject section */

/* Begin PBXResourcesBuildPhase section */
		CA5C2CCC1B480A4D00F0A547 /* Resources */ = {
			isa = PBXResourcesBuildPhase;
			buildActionMask = 2147483647;
			files = (
				CA5C2CDD1B480A4D00F0A547 /* Main.storyboard in Resources */,
				CA5C2D0E1B480AE500F0A547 /* ic_sound.png in Resources */,
				CA5C2D051B480AE500F0A547 /* bg_main.png in Resources */,
				6A0789901B5E5BFE008D0B37 /* ic_star.png in Resources */,
				CA5C2D061B480AE500F0A547 /* btn_1.png in Resources */,
				E83D7AB71B64207B0068EA2F /* ListClipViewCell.xib in Resources */,
				CA5C2D041B480AE500F0A547 /* bg_btn_categories.png in Resources */,
				CA5C2CE21B480A4D00F0A547 /* LaunchScreen.xib in Resources */,
				CA5C2D0B1B480AE500F0A547 /* ic_next.png in Resources */,
				CA5C2D091B480AE500F0A547 /* btn_menu.png in Resources */,
				CA5C2D0C1B480AE500F0A547 /* ic_play.png in Resources */,
				CA5C2D0D1B480AE500F0A547 /* ic_prev.png in Resources */,
				CA5C2D0A1B480AE500F0A547 /* ic_fullscreen.png in Resources */,
				CA5C2D0F1B480AE500F0A547 /* logo.png in Resources */,
				CA5C2CDF1B480A4D00F0A547 /* Images.xcassets in Resources */,
				CA5C2D071B480AE500F0A547 /* btn_2.png in Resources */,
				CA5C2D081B480AE500F0A547 /* btn_categories_selected.png in Resources */,
			);
			runOnlyForDeploymentPostprocessing = 0;
		};
		CA5C2CE51B480A4D00F0A547 /* Resources */ = {
			isa = PBXResourcesBuildPhase;
			buildActionMask = 2147483647;
			files = (
			);
			runOnlyForDeploymentPostprocessing = 0;
		};
/* End PBXResourcesBuildPhase section */

/* Begin PBXSourcesBuildPhase section */
		CA5C2CCA1B480A4D00F0A547 /* Sources */ = {
			isa = PBXSourcesBuildPhase;
			buildActionMask = 2147483647;
			files = (
				E83D7ABA1B64284B0068EA2F /* ListClipViewCell.m in Sources */,
				CA5C2CDA1B480A4D00F0A547 /* ViewController.m in Sources */,
				CA5C2CD71B480A4D00F0A547 /* AppDelegate.m in Sources */,
				CA5C2CD41B480A4D00F0A547 /* main.m in Sources */,
			);
			runOnlyForDeploymentPostprocessing = 0;
		};
		CA5C2CE31B480A4D00F0A547 /* Sources */ = {
			isa = PBXSourcesBuildPhase;
			buildActionMask = 2147483647;
			files = (
				CA5C2CEE1B480A4D00F0A547 /* HighwayGuitarTests.m in Sources */,
			);
			runOnlyForDeploymentPostprocessing = 0;
		};
/* End PBXSourcesBuildPhase section */

/* Begin PBXTargetDependency section */
		CA5C2CE91B480A4D00F0A547 /* PBXTargetDependency */ = {
			isa = PBXTargetDependency;
			target = CA5C2CCD1B480A4D00F0A547 /* HighwayGuitar */;
			targetProxy = CA5C2CE81B480A4D00F0A547 /* PBXContainerItemProxy */;
		};
/* End PBXTargetDependency section */

/* Begin PBXVariantGroup section */
		CA5C2CDB1B480A4D00F0A547 /* Main.storyboard */ = {
			isa = PBXVariantGroup;
			children = (
				CA5C2CDC1B480A4D00F0A547 /* Base */,
			);
			name = Main.storyboard;
			sourceTree = "<group>";
		};
		CA5C2CE01B480A4D00F0A547 /* LaunchScreen.xib */ = {
			isa = PBXVariantGroup;
			children = (
				CA5C2CE11B480A4D00F0A547 /* Base */,
			);
			name = LaunchScreen.xib;
			sourceTree = "<group>";
		};
/* End PBXVariantGroup section */

/* Begin XCBuildConfiguration section */
		CA5C2CEF1B480A4D00F0A547 /* Debug */ = {
			isa = XCBuildConfiguration;
			buildSettings = {
				ALWAYS_SEARCH_USER_PATHS = NO;
				CLANG_CXX_LANGUAGE_STANDARD = "gnu++0x";
				CLANG_CXX_LIBRARY = "libc++";
				CLANG_ENABLE_MODULES = YES;
				CLANG_ENABLE_OBJC_ARC = YES;
				CLANG_WARN_BOOL_CONVERSION = YES;
				CLANG_WARN_CONSTANT_CONVERSION = YES;
				CLANG_WARN_DIRECT_OBJC_ISA_USAGE = YES_ERROR;
				CLANG_WARN_EMPTY_BODY = YES;
				CLANG_WARN_ENUM_CONVERSION = YES;
				CLANG_WARN_INT_CONVERSION = YES;
				CLANG_WARN_OBJC_ROOT_CLASS = YES_ERROR;
				CLANG_WARN_UNREACHABLE_CODE = YES;
				CLANG_WARN__DUPLICATE_METHOD_MATCH = YES;
				"CODE_SIGN_IDENTITY[sdk=iphoneos*]" = "iPhone Developer";
				COPY_PHASE_STRIP = NO;
				DEBUG_INFORMATION_FORMAT = "dwarf-with-dsym";
				ENABLE_STRICT_OBJC_MSGSEND = YES;
				GCC_C_LANGUAGE_STANDARD = gnu99;
				GCC_DYNAMIC_NO_PIC = NO;
				GCC_NO_COMMON_BLOCKS = YES;
				GCC_OPTIMIZATION_LEVEL = 0;
				GCC_PREPROCESSOR_DEFINITIONS = (
					"DEBUG=1",
					"$(inherited)",
				);
				GCC_SYMBOLS_PRIVATE_EXTERN = NO;
				GCC_WARN_64_TO_32_BIT_CONVERSION = YES;
				GCC_WARN_ABOUT_RETURN_TYPE = YES_ERROR;
				GCC_WARN_UNDECLARED_SELECTOR = YES;
				GCC_WARN_UNINITIALIZED_AUTOS = YES_AGGRESSIVE;
				GCC_WARN_UNUSED_FUNCTION = YES;
				GCC_WARN_UNUSED_VARIABLE = YES;
				IPHONEOS_DEPLOYMENT_TARGET = 8.3;
				MTL_ENABLE_DEBUG_INFO = YES;
				ONLY_ACTIVE_ARCH = YES;
				SDKROOT = iphoneos;
			};
			name = Debug;
		};
		CA5C2CF01B480A4D00F0A547 /* Release */ = {
			isa = XCBuildConfiguration;
			buildSettings = {
				ALWAYS_SEARCH_USER_PATHS = NO;
				CLANG_CXX_LANGUAGE_STANDARD = "gnu++0x";
				CLANG_CXX_LIBRARY = "libc++";
				CLANG_ENABLE_MODULES = YES;
				CLANG_ENABLE_OBJC_ARC = YES;
				CLANG_WARN_BOOL_CONVERSION = YES;
				CLANG_WARN_CONSTANT_CONVERSION = YES;
				CLANG_WARN_DIRECT_OBJC_ISA_USAGE = YES_ERROR;
				CLANG_WARN_EMPTY_BODY = YES;
				CLANG_WARN_ENUM_CONVERSION = YES;
				CLANG_WARN_INT_CONVERSION = YES;
				CLANG_WARN_OBJC_ROOT_CLASS = YES_ERROR;
				CLANG_WARN_UNREACHABLE_CODE = YES;
				CLANG_WARN__DUPLICATE_METHOD_MATCH = YES;
				"CODE_SIGN_IDENTITY[sdk=iphoneos*]" = "iPhone Developer";
				COPY_PHASE_STRIP = NO;
				DEBUG_INFORMATION_FORMAT = "dwarf-with-dsym";
				ENABLE_NS_ASSERTIONS = NO;
				ENABLE_STRICT_OBJC_MSGSEND = YES;
				GCC_C_LANGUAGE_STANDARD = gnu99;
				GCC_NO_COMMON_BLOCKS = YES;
				GCC_WARN_64_TO_32_BIT_CONVERSION = YES;
				GCC_WARN_ABOUT_RETURN_TYPE = YES_ERROR;
				GCC_WARN_UNDECLARED_SELECTOR = YES;
				GCC_WARN_UNINITIALIZED_AUTOS = YES_AGGRESSIVE;
				GCC_WARN_UNUSED_FUNCTION = YES;
				GCC_WARN_UNUSED_VARIABLE = YES;
				IPHONEOS_DEPLOYMENT_TARGET = 8.3;
				MTL_ENABLE_DEBUG_INFO = NO;
				SDKROOT = iphoneos;
				VALIDATE_PRODUCT = YES;
			};
			name = Release;
		};
		CA5C2CF21B480A4D00F0A547 /* Debug */ = {
			isa = XCBuildConfiguration;
			buildSettings = {
				ASSETCATALOG_COMPILER_APPICON_NAME = AppIcon;
				INFOPLIST_FILE = HighwayGuitar/Info.plist;
				LD_RUNPATH_SEARCH_PATHS = "$(inherited) @executable_path/Frameworks";
				PRODUCT_NAME = "$(TARGET_NAME)";
				TARGETED_DEVICE_FAMILY = 2;
			};
			name = Debug;
		};
		CA5C2CF31B480A4D00F0A547 /* Release */ = {
			isa = XCBuildConfiguration;
			buildSettings = {
				ASSETCATALOG_COMPILER_APPICON_NAME = AppIcon;
				INFOPLIST_FILE = HighwayGuitar/Info.plist;
				LD_RUNPATH_SEARCH_PATHS = "$(inherited) @executable_path/Frameworks";
				PRODUCT_NAME = "$(TARGET_NAME)";
				TARGETED_DEVICE_FAMILY = 2;
			};
			name = Release;
		};
		CA5C2CF51B480A4D00F0A547 /* Debug */ = {
			isa = XCBuildConfiguration;
			buildSettings = {
				BUNDLE_LOADER = "$(TEST_HOST)";
				FRAMEWORK_SEARCH_PATHS = (
					"$(SDKROOT)/Developer/Library/Frameworks",
					"$(inherited)",
				);
				GCC_PREPROCESSOR_DEFINITIONS = (
					"DEBUG=1",
					"$(inherited)",
				);
				INFOPLIST_FILE = HighwayGuitarTests/Info.plist;
				LD_RUNPATH_SEARCH_PATHS = "$(inherited) @executable_path/Frameworks @loader_path/Frameworks";
				PRODUCT_NAME = "$(TARGET_NAME)";
				TEST_HOST = "$(BUILT_PRODUCTS_DIR)/HighwayGuitar.app/HighwayGuitar";
			};
			name = Debug;
		};
		CA5C2CF61B480A4D00F0A547 /* Release */ = {
			isa = XCBuildConfiguration;
			buildSettings = {
				BUNDLE_LOADER = "$(TEST_HOST)";
				FRAMEWORK_SEARCH_PATHS = (
					"$(SDKROOT)/Developer/Library/Frameworks",
					"$(inherited)",
				);
				INFOPLIST_FILE = HighwayGuitarTests/Info.plist;
				LD_RUNPATH_SEARCH_PATHS = "$(inherited) @executable_path/Frameworks @loader_path/Frameworks";
				PRODUCT_NAME = "$(TARGET_NAME)";
				TEST_HOST = "$(BUILT_PRODUCTS_DIR)/HighwayGuitar.app/HighwayGuitar";
			};
			name = Release;
		};
/* End XCBuildConfiguration section */

/* Begin XCConfigurationList section */
		CA5C2CC91B480A4D00F0A547 /* Build configuration list for PBXProject "HighwayGuitar" */ = {
			isa = XCConfigurationList;
			buildConfigurations = (
				CA5C2CEF1B480A4D00F0A547 /* Debug */,
				CA5C2CF01B480A4D00F0A547 /* Release */,
			);
			defaultConfigurationIsVisible = 0;
			defaultConfigurationName = Release;
		};
		CA5C2CF11B480A4D00F0A547 /* Build configuration list for PBXNativeTarget "HighwayGuitar" */ = {
			isa = XCConfigurationList;
			buildConfigurations = (
				CA5C2CF21B480A4D00F0A547 /* Debug */,
				CA5C2CF31B480A4D00F0A547 /* Release */,
			);
			defaultConfigurationIsVisible = 0;
			defaultConfigurationName = Release;
		};
		CA5C2CF41B480A4D00F0A547 /* Build configuration list for PBXNativeTarget "HighwayGuitarTests" */ = {
			isa = XCConfigurationList;
			buildConfigurations = (
				CA5C2CF51B480A4D00F0A547 /* Debug */,
				CA5C2CF61B480A4D00F0A547 /* Release */,
			);
			defaultConfigurationIsVisible = 0;
			defaultConfigurationName = Release;
		};
/* End XCConfigurationList section */
	};
	rootObject = CA5C2CC61B480A4D00F0A547 /* Project object */;
}
